hash: 804298b7fde935d2fcfd8de3082171aceb15e6857f5a46a81ca44d506857010e
updated: 2016-01-21T23:56:34.119274338+03:00
imports:
- name: github.com/alecthomas/kingpin
  version: b5ff6331c242cb7f4c1048942fd0c287a3974adc
- name: github.com/alecthomas/template
  version: 14fd436dd20c3cc65242a9f396b61bfc8a3926fc
- name: github.com/alecthomas/units
  version: 2efee857e7cfd4f3d0138cc3cbb1b4966962b93a
- name: github.com/paypal/gatt
  version: 4ae819d591cfc94c496c45deb55928469542beec
- name: gopkg.in/alecthomas/kingpin.v2
  version: 8852570bd3865e9c4d4cb7cf5001c4295b07cad5
  repo: https://gopkg.in/alecthomas/kingpin.v2
devImports: []
